<?xml version="1.0" encoding="utf-8"?>
<Project ToolsVersion="4.0" xmlns="http://schemas.microsoft.com/developer/msbuild/2003">
  <ItemGroup>
    <Filter Include="Source Files">
      <UniqueIdentifier>{211f6ea0-c954-4cc3-8fae-025cc1337cc8}</UniqueIdentifier>
      <Extensions>cpp;c;cxx;rc;def;r;odl;idl;hpj;bat</Extensions>
    </Filter>
    <Filter Include="Header Files">
      <UniqueIdentifier>{9c6fb5ab-de33-4917-be7f-2fd4e87b1abf}</UniqueIdentifier>
      <Extensions>h;hpp;hxx;hm;inl</Extensions>
    </Filter>
    <Filter Include="Resource Files">
      <UniqueIdentifier>{0097e50b-a2c2-4d3f-b63d-1e57bf145540}</UniqueIdentifier>
      <Extensions>ico;cur;bmp;dlg;rc2;rct;bin;rgs;gif;jpg;jpeg;jpe</Extensions>
    </Filter>
  </ItemGroup>
  <ItemGroup>
    <ClCompile Include="DialogPage.cpp">
      <Filter>Source Files</Filter>
    </ClCompile>
    <ClCompile Include="DialogPageCtrl.cpp">
      <Filter>Source Files</Filter>
    </ClCompile>
    <ClCompile Include="DlgPgDesc.cpp">
      <Filter>Source Files</Filter>
    </ClCompile>
    <ClCompile Include="DlgPgDevice.cpp">
      <Filter>Source Files</Filter>
    </ClCompile>
    <ClCompile Include="DlgPgDevreq.cpp">
      <Filter>Source Files</Filter>
    </ClCompile>
    <ClCompile Include="DlgPgPipes.cpp">
      <Filter>Source Files</Filter>
    </ClCompile>
    <ClCompile Include="OutputWin.cpp">
      <Filter>Source Files</Filter>
    </ClCompile>
    <ClCompile Include="OutputWinDlg.cpp">
      <Filter>Source Files</Filter>
    </ClCompile>
    <ClCompile Include="StdAfx.cpp">
      <Filter>Source Files</Filter>
    </ClCompile>
    <ClCompile Include="USBDEMO.cpp">
      <Filter>Source Files</Filter>
    </ClCompile>
    <ClCompile Include="USBDEMODlg.cpp">
      <Filter>Source Files</Filter>
    </ClCompile>
    <ClCompile Include="Plot.cpp">
      <Filter>Source Files</Filter>
    </ClCompile>
    <ClCompile Include="DialogPgPlot.cpp">
      <Filter>Source Files</Filter>
    </ClCompile>
    <ClCompile Include="DialogPgAD.cpp">
      <Filter>Source Files</Filter>
    </ClCompile>
  </ItemGroup>
  <ItemGroup>
    <ResourceCompile Include="USBDEMO.rc">
      <Filter>Source Files</Filter>
    </ResourceCompile>
  </ItemGroup>
  <ItemGroup>
    <ClInclude Include="DialogPage.h">
      <Filter>Header Files</Filter>
    </ClInclude>
    <ClInclude Include="DialogPageCtrl.h">
      <Filter>Header Files</Filter>
    </ClInclude>
    <ClInclude Include="DlgPgDesc.h">
      <Filter>Header Files</Filter>
    </ClInclude>
    <ClInclude Include="DlgPgDevice.h">
      <Filter>Header Files</Filter>
    </ClInclude>
    <ClInclude Include="DlgPgDevreq.h">
      <Filter>Header Files</Filter>
    </ClInclude>
    <ClInclude Include="DlgPgPipes.h">
      <Filter>Header Files</Filter>
    </ClInclude>
    <ClInclude Include="global.h">
      <Filter>Header Files</Filter>
    </ClInclude>
    <ClInclude Include="OutputWin.h">
      <Filter>Header Files</Filter>
    </ClInclude>
    <ClInclude Include="OutputWinDlg.h">
      <Filter>Header Files</Filter>
    </ClInclude>
    <ClInclude Include="Resource.h">
      <Filter>Header Files</Filter>
    </ClInclude>
    <ClInclude Include="StdAfx.h">
      <Filter>Header Files</Filter>
    </ClInclude>
    <ClInclude Include="USBDEMO.h">
      <Filter>Header Files</Filter>
    </ClInclude>
    <ClInclude Include="USBDEMODlg.h">
      <Filter>Header Files</Filter>
    </ClInclude>
    <ClInclude Include="Plot.h">
      <Filter>Header Files</Filter>
    </ClInclude>
    <ClInclude Include="DialogPgPlot.h">
      <Filter>Header Files</Filter>
    </ClInclude>
    <ClInclude Include="DialogPgAD.h">
      <Filter>Header Files</Filter>
    </ClInclude>
  </ItemGroup>
  <ItemGroup>
    <CustomBuild Include="res\Th_USB.ico">
      <Filter>Resource Files</Filter>
    </CustomBuild>
    <CustomBuild Include="res\USBDEMO.ico">
      <Filter>Resource Files</Filter>
    </CustomBuild>
    <CustomBuild Include="res\USBDEMO.rc2">
      <Filter>Resource Files</Filter>
    </CustomBuild>
    <CustomBuild Include="ReadMe.txt" />
  </ItemGroup>
</Project>